
Microsoft Visual Studio Solution File, Format Version 12.00
# Visual Studio 15
Project("{FAE04EC0-301F-11D3-BF4B-00C04F79EFBC}") = "KoreanKirkalndCentralChurch", "KoreanKirkalndCentralChurch\KoreanKirkalndCentralChurch.csproj", "{F1981EE0-A63F-48EE-9083-4AA76D494DDC}"
EndProject
Global
	GlobalSection(SolutionConfigurationPlatforms) = preSolution
		Debug|Any CPU = Debug|Any CPU
		Release|Any CPU = Release|Any CPU
	EndGlobalSection
	GlobalSection(ProjectConfigurationPlatforms) = postSolution
		{F1981EE0-A63F-48EE-9083-4AA76D494DDC}.Debug|Any CPU.ActiveCfg = Debug|Any CPU
		{F1981EE0-A63F-48EE-9083-4AA76D494DDC}.Debug|Any CPU.Build.0 = Debug|Any CPU
		{F1981EE0-A63F-48EE-9083-4AA76D494DDC}.Release|Any CPU.ActiveCfg = Release|Any CPU
		{F1981EE0-A63F-48EE-9083-4AA76D494DDC}.Release|Any CPU.Build.0 = Release|Any CPU
	EndGlobalSection
EndGlobal
