Microsoft Visual Studio Solution File, Format Version 12.00
# Visual Studio Version 16
VisualStudioVersion = 16.0.29728.190
MinimumVisualStudioVersion = 10.0.40219.1
Project("{9A19103F-16F7-4668-BE54-9A1E7A4F7556}") = "KoreanKirklandCentralChurch", "KoreanKirklandCentralChurch\KoreanKirklandCentralChurch.csproj", "{87DA08A2-C955-4E66-9115-0EF873ADC506}"
EndProject
Global
	GlobalSection(SolutionConfigurationPlatforms) = preSolution
		Debug|Any CPU = Debug|Any CPU
		Release|Any CPU = Release|Any CPU
	EndGlobalSection
	GlobalSection(ProjectConfigurationPlatforms) = postSolution
		{87DA08A2-C955-4E66-9115-0EF873ADC506}.Debug|Any CPU.ActiveCfg = Debug|Any CPU
		{87DA08A2-C955-4E66-9115-0EF873ADC506}.Debug|Any CPU.Build.0 = Debug|Any CPU
		{87DA08A2-C955-4E66-9115-0EF873ADC506}.Release|Any CPU.ActiveCfg = Release|Any CPU
		{87DA08A2-C955-4E66-9115-0EF873ADC506}.Release|Any CPU.Build.0 = Release|Any CPU
	EndGlobalSection
	GlobalSection(SolutionProperties) = preSolution
		HideSolutionNode = FALSE
	EndGlobalSection
	GlobalSection(ExtensibilityGlobals) = postSolution
		SolutionGuid = {F3E0FFBB-46B9-410C-9817-EFC7CEC1CDF7}
	EndGlobalSection
EndGlobal
