
Microsoft Visual Studio Solution File, Format Version 12.00
# Visual Studio 15
Project("{FAE04EC0-301F-11D3-BF4B-00C04F79EFBC}") = "KoreanKirklandCentralChurch", "KoreanKirklandCentralChurch\KoreanKirklandCentralChurch.csproj", "{87DA08A2-C955-4E66-9115-0EF873ADC506}"
EndProject
Global
	GlobalSection(SolutionConfigurationPlatforms) = preSolution
		Debug|Any CPU = Debug|Any CPU
		Release|Any CPU = Release|Any CPU
	EndGlobalSection
	GlobalSection(ProjectConfigurationPlatforms) = postSolution
		{87DA08A2-C955-4E66-9115-0EF873ADC506}.Debug|Any CPU.ActiveCfg = Debug|Any CPU
		{87DA08A2-C955-4E66-9115-0EF873ADC506}.Debug|Any CPU.Build.0 = Debug|Any CPU
		{87DA08A2-C955-4E66-9115-0EF873ADC506}.Release|Any CPU.ActiveCfg = Release|Any CPU
		{87DA08A2-C955-4E66-9115-0EF873ADC506}.Release|Any CPU.Build.0 = Release|Any CPU
	EndGlobalSection
EndGlobal
